
Microsoft Visual Studio Solution File, Format Version 12.00
# Visual Studio Version 16
VisualStudioVersion = 16.0.31624.102
MinimumVisualStudioVersion = 10.0.40219.1
Project("{8BC9CEB8-8B4A-11D0-8D11-00A0C91BC942}") = "AES_secondorder_cpa", "AES_secondorder_cpa\AES_secondorder_cpa.vcxproj", "{2EDA8B57-5FCB-4E7A-9765-B4E2075B967E}"
EndProject
Global
	GlobalSection(SolutionConfigurationPlatforms) = preSolution
		Debug|x64 = Debug|x64
		Debug|x86 = Debug|x86
		Release|x64 = Release|x64
		Release|x86 = Release|x86
	EndGlobalSection
	GlobalSection(ProjectConfigurationPlatforms) = postSolution
		{2EDA8B57-5FCB-4E7A-9765-B4E2075B967E}.Debug|x64.ActiveCfg = Debug|x64
		{2EDA8B57-5FCB-4E7A-9765-B4E2075B967E}.Debug|x64.Build.0 = Debug|x64
		{2EDA8B57-5FCB-4E7A-9765-B4E2075B967E}.Debug|x86.ActiveCfg = Debug|Win32
		{2EDA8B57-5FCB-4E7A-9765-B4E2075B967E}.Debug|x86.Build.0 = Debug|Win32
		{2EDA8B57-5FCB-4E7A-9765-B4E2075B967E}.Release|x64.ActiveCfg = Release|x64
		{2EDA8B57-5FCB-4E7A-9765-B4E2075B967E}.Release|x64.Build.0 = Release|x64
		{2EDA8B57-5FCB-4E7A-9765-B4E2075B967E}.Release|x86.ActiveCfg = Release|Win32
		{2EDA8B57-5FCB-4E7A-9765-B4E2075B967E}.Release|x86.Build.0 = Release|Win32
	EndGlobalSection
	GlobalSection(SolutionProperties) = preSolution
		HideSolutionNode = FALSE
	EndGlobalSection
	GlobalSection(ExtensibilityGlobals) = postSolution
		SolutionGuid = {B5DBCEF0-B0E8-40E2-9952-D80D26FD26D3}
	EndGlobalSection
EndGlobal
